<?xml version="1.0" encoding="utf-8"?>
<Project ToolsVersion="4.0" xmlns="http://schemas.microsoft.com/developer/msbuild/2003">
  <ItemGroup>
    <Filter Include="Source Files">
      <UniqueIdentifier>{4FC737F1-C7A5-4376-A066-2A32D752A2FF}</UniqueIdentifier>
      <Extensions>cpp;c;cc;cxx;c++;cppm;ixx;def;odl;idl;hpj;bat;asm;asmx</Extensions>
    </Filter>
    <Filter Include="Header Files">
      <UniqueIdentifier>{93995380-89BD-4b04-88EB-625FBE52EBFB}</UniqueIdentifier>
      <Extensions>h;hh;hpp;hxx;h++;hm;inl;inc;ipp;xsd</Extensions>
    </Filter>
    <Filter Include="Resource Files">
      <UniqueIdentifier>{67DA6AB6-F800-4c08-8B7A-83BB121AAD01}</UniqueIdentifier>
      <Extensions>rc;ico;cur;bmp;dlg;rc2;rct;bin;rgs;gif;jpg;jpeg;jpe;resx;tiff;tif;png;wav;mfcribbon-ms</Extensions>
    </Filter>
  </ItemGroup>
  <ItemGroup>
    <ClCompile Include="main.cpp">
      <Filter>Source Files</Filter>
    </ClCompile>
    <ClCompile Include="Console.cpp">
      <Filter>Source Files</Filter>
    </ClCompile>
    <ClCompile Include="Vehicle.cpp">
      <Filter>Source Files</Filter>
    </ClCompile>
    <ClCompile Include="Car.cpp">
      <Filter>Source Files</Filter>
    </ClCompile>
    <ClCompile Include="people.cpp">
      <Filter>Source Files</Filter>
    </ClCompile>
    <ClCompile Include="TrafficLiight.cpp">
      <Filter>Source Files</Filter>
    </ClCompile>
    <ClCompile Include="Animal.cpp">
      <Filter>Source Files</Filter>
    </ClCompile>
    <ClCompile Include="Game.cpp">
      <Filter>Source Files</Filter>
    </ClCompile>
    <ClCompile Include="Map.cpp">
      <Filter>Source Files</Filter>
    </ClCompile>
    <ClCompile Include="Boat.cpp">
      <Filter>Source Files</Filter>
    </ClCompile>
    <ClCompile Include="truck.cpp">
      <Filter>Source Files</Filter>
    </ClCompile>
    <ClCompile Include="Shark.cpp">
      <Filter>Source Files</Filter>
    </ClCompile>
    <ClCompile Include="Menu.cpp">
      <Filter>Source Files</Filter>
    </ClCompile>
    <ClCompile Include="Menu_key.cpp">
      <Filter>Source Files</Filter>
    </ClCompile>
  </ItemGroup>
  <ItemGroup>
    <ClInclude Include="Console.h">
      <Filter>Header Files</Filter>
    </ClInclude>
    <ClInclude Include="Vehicle.h">
      <Filter>Header Files</Filter>
    </ClInclude>
    <ClInclude Include="Car.h">
      <Filter>Header Files</Filter>
    </ClInclude>
    <ClInclude Include="people.h">
      <Filter>Header Files</Filter>
    </ClInclude>
    <ClInclude Include="TrafficLight.h">
      <Filter>Header Files</Filter>
    </ClInclude>
    <ClInclude Include="Animal.h">
      <Filter>Header Files</Filter>
    </ClInclude>
    <ClInclude Include="Game.h">
      <Filter>Header Files</Filter>
    </ClInclude>
    <ClInclude Include="Map.h">
      <Filter>Header Files</Filter>
    </ClInclude>
    <ClInclude Include="Boat.h">
      <Filter>Header Files</Filter>
    </ClInclude>
    <ClInclude Include="truck.h">
      <Filter>Header Files</Filter>
    </ClInclude>
    <ClInclude Include="Shark.h">
      <Filter>Header Files</Filter>
    </ClInclude>
    <ClInclude Include="Menu.h">
      <Filter>Header Files</Filter>
    </ClInclude>
    <ClInclude Include="Menu_Key.h">
      <Filter>Header Files</Filter>
    </ClInclude>
  </ItemGroup>
  <ItemGroup>
    <Text Include="graphic\car.txt">
      <Filter>Resource Files</Filter>
    </Text>
    <Text Include="graphic\truck.txt">
      <Filter>Resource Files</Filter>
    </Text>
    <Text Include="graphic\map1.txt">
      <Filter>Resource Files</Filter>
    </Text>
    <Text Include="graphic\shark.txt">
      <Filter>Resource Files</Filter>
    </Text>
    <Text Include="graphic\crossingname.txt">
      <Filter>Resource Files</Filter>
    </Text>
    <Text Include="graphic\Loading.txt">
      <Filter>Resource Files</Filter>
    </Text>
    <Text Include="graphic\Rules.txt">
      <Filter>Resource Files</Filter>
    </Text>
    <Text Include="graphic\About.txt">
      <Filter>Resource Files</Filter>
    </Text>
    <Text Include="graphic\BLNT.txt">
      <Filter>Resource Files</Filter>
    </Text>
    <Text Include="graphic\win.txt">
      <Filter>Resource Files</Filter>
    </Text>
    <Text Include="C:\Users\USer\Downloads\Source (1).txt">
      <Filter>Resource Files</Filter>
    </Text>
    <Text Include="graphic\loadgame1.txt">
      <Filter>Resource Files</Filter>
    </Text>
    <Text Include="graphic\Big-Chungus.txt">
      <Filter>Resource Files</Filter>
    </Text>
    <Text Include="graphic\ded.txt">
      <Filter>Resource Files</Filter>
    </Text>
  </ItemGroup>
</Project>